{
  "name": "eslint-config-itemize-react",
  "version": "1.0.0",
  "lockfileVersion": 1,
  "requires": true,
  "dependencies": {
    "eslint-plugin-itemize-react": {
      "version": "github:mjinkens1/eslint-plugin-itemize-react#c02303aa1a9f90b464eba06dd491e77906ea7de0",
      "from": "github:mjinkens1/eslint-plugin-itemize-react",
      "dev": true
    }
  }
}
